schema: '2.0'
stages:
  process_data:
    cmd: python src/data/process.py
    deps:
    - path: data/loan.csv
      hash: md5
      md5: a9dcd4d8116ce876da112a3b7013f4d8
      size: 1189395649
    - path: src/data/process.py
      hash: md5
      md5: 93e49436170616fff8c2f7bd8dc387e7
      size: 9586
    params:
      params.yaml:
        data.processed_dir: data/processed
        data.raw_path: data/loan.csv
        processing.missing_threshold: 51
        processing.random_state: 42
        processing.test_size: 0.1
    outs:
    - path: data/processed/X_processed.csv
      hash: md5
      md5: 503e10bbb6f2b7c9ef5593b3ef834542
      size: 114933379
    - path: data/processed/split/X_test_processed.csv
      hash: md5
      md5: bdfe0dd2b3bb39cbbee8a39a3ef3963b
      size: 11446555
    - path: data/processed/split/X_train_processed.csv
      hash: md5
      md5: 4b9de5c3546f1f717ccf0d711580bdb8
      size: 103488204
    - path: data/processed/split/y_test_processed.csv
      hash: md5
      md5: 6ef1b48812a8eefab43917e9352aebdd
      size: 59948
    - path: data/processed/split/y_train_processed.csv
      hash: md5
      md5: 36cadd784233d21be5562bf469cee166
      size: 539357
    - path: data/processed/y.csv
      hash: md5
      md5: e5bdbe604917302a0aa4618dae808aa5
      size: 599285
  feature_engineering:
    cmd: python src/features/engineer.py
    deps:
    - path: data/processed/X_processed.csv
      hash: md5
      md5: 503e10bbb6f2b7c9ef5593b3ef834542
      size: 114933379
    - path: data/processed/y.csv
      hash: md5
      md5: e5bdbe604917302a0aa4618dae808aa5
      size: 599285
    - path: src/features/engineer.py
      hash: md5
      md5: c66a4c81dca3e1a27d9e705b752cb97e
      size: 6395
    params:
      params.yaml:
        data.features_dir: data/features
        data.processed_dir: data/processed
        feature_engineering.correlation_threshold: 0.8
        feature_engineering.iv_threshold: 0.02
    outs:
    - path: data/features/X_engineered.csv
      hash: md5
      md5: a468a22dc1f727f0e5a63c020fa153df
      size: 84703499
    - path: data/features/y_engineered.csv
      hash: md5
      md5: e5bdbe604917302a0aa4618dae808aa5
      size: 599285
  feature_selection:
    cmd: python src/features/selection.py
    deps:
    - path: data/features/X_engineered.csv
      hash: md5
      md5: a468a22dc1f727f0e5a63c020fa153df
      size: 84703499
    - path: data/features/y_engineered.csv
      hash: md5
      md5: e5bdbe604917302a0aa4618dae808aa5
      size: 599285
    - path: src/features/selection.py
      hash: md5
      md5: 82970f15cb23099ebeb87ce15dc6478b
      size: 5791
    params:
      params.yaml:
        data.features_dir: data/features
        feature_selection.random_state: 42
        feature_selection.rf_n_estimators: 100
        feature_selection.rf_threshold: mean
        feature_selection.test_size: 0.2
        leakage_prevention.leaky_features:
        - total_rec_prncp
        - total_rec_int
        - total_rec_late_fee
        - recoveries
        - last_pymnt_amnt
        - out_prncp
    outs:
    - path: data/features/selected/X_test_scaled.npy
      hash: md5
      md5: 201e14ddd23c8e18f77be491e3a3701e
      size: 20774648
    - path: data/features/selected/X_test_selected.npy
      hash: md5
      md5: 317b7d25bfc2dd4ad369869e3a57f7a4
      size: 7990328
    - path: data/features/selected/X_train_scaled.npy
      hash: md5
      md5: 63cb5518ec98751a18b80c94120ab0ad
      size: 83098208
    - path: data/features/selected/X_train_selected.npy
      hash: md5
      md5: 3c96e4118d99c4374b23d9ed43431f5e
      size: 31960928
    - path: data/features/selected/feature_selector.pkl
      hash: md5
      md5: 9cae604cb774ac7fbf877dc02e15610e
      size: 247814857
    - path: data/features/selected/rf_selector_model.pkl
      hash: md5
      md5: 28c25983f3df0c562c5738b289ae919a
      size: 247814713
    - path: data/features/selected/scaler.pkl
      hash: md5
      md5: 1fecdb1941538ca9d18dec2c22c265d0
      size: 3519
    - path: data/features/selected/selected_features.csv
      hash: md5
      md5: 839dce0ab76c195912a8e520c4129a51
      size: 422
    - path: data/features/selected/y_test.csv
      hash: md5
      md5: de28977a8f460c4285114045279c764a
      size: 119873
    - path: data/features/selected/y_train.csv
      hash: md5
      md5: 62241e73951b3bf0ba07d5753907fb79
      size: 479432
  train_model_mlflow:
    cmd: python src/model/train_mlflow.py --model-name neural_network
    deps:
    - path: data/features/selected/X_test_selected.npy
      hash: md5
      md5: 317b7d25bfc2dd4ad369869e3a57f7a4
      size: 7990328
    - path: data/features/selected/X_train_selected.npy
      hash: md5
      md5: 3c96e4118d99c4374b23d9ed43431f5e
      size: 31960928
    - path: data/features/selected/y_test.csv
      hash: md5
      md5: de28977a8f460c4285114045279c764a
      size: 119873
    - path: data/features/selected/y_train.csv
      hash: md5
      md5: 62241e73951b3bf0ba07d5753907fb79
      size: 479432
    - path: src/model/train_mlflow.py
      hash: md5
      md5: 1be8ef96cb9a38eb46e228b648162b31
      size: 7826
    params:
      params.yaml:
        data.features_dir: data/features
        data.models_dir: models
        experiment.mlflow_experiment_name: credit-risk-modeling
        experiment.mlflow_tracking_uri: file:./mlruns
        experiment.model_name: neural_network
        models:
          logistic_regression:
            random_state: 42
          random_forest:
            n_estimators: 200
            random_state: 42
          gradient_boosting:
            n_estimators: 100
            random_state: 42
          neural_network:
            hidden_layer_sizes:
            - 128
            - 64
            epochs: 10
            max_iter: 300
            random_state: 42
            learning_rate_init: 0.001
            solver: adam
    outs:
    - path: models/experiments/metrics.json
      hash: md5
      md5: 665f930cf6d39aadab0a965352a55426
      size: 384
    - path: models/experiments/model.pkl
      hash: md5
      md5: 6f9751444ff5b593cf64033fde1ccffb
      size: 381125
    - path: models/experiments/run_info.json
      hash: md5
      md5: 963df8b7a6db5959555683314641f642
      size: 228
